// !$*UTF8*$!
{
	archiveVersion = 1;
	classes = {
	};
	objectVersion = 46;
	objects = {

/* Begin PBXBuildFile section */
		CD33A4121D799C4E000E25D2 /* main.m in Sources */ = {isa = PBXBuildFile; fileRef = CD33A4111D799C4E000E25D2 /* main.m */; };
		CD33A4151D799C4E000E25D2 /* AppDelegate.m in Sources */ = {isa = PBXBuildFile; fileRef = CD33A4141D799C4E000E25D2 /* AppDelegate.m */; };
		CD33A4181D799C4E000E25D2 /* ViewController.m in Sources */ = {isa = PBXBuildFile; fileRef = CD33A4171D799C4E000E25D2 /* ViewController.m */; };
		CD33A41B1D799C4E000E25D2 /* Main.storyboard in Resources */ = {isa = PBXBuildFile; fileRef = CD33A4191D799C4E000E25D2 /* Main.storyboard */; };
		CD33A41D1D799C4E000E25D2 /* Assets.xcassets in Resources */ = {isa = PBXBuildFile; fileRef = CD33A41C1D799C4E000E25D2 /* Assets.xcassets */; };
		CD33A4201D799C4E000E25D2 /* LaunchScreen.storyboard in Resources */ = {isa = PBXBuildFile; fileRef = CD33A41E1D799C4E000E25D2 /* LaunchScreen.storyboard */; };
		CD44C38E1DD0AB2400984FE7 /* libFTPKit.a in Frameworks */ = {isa = PBXBuildFile; fileRef = CD44C3891DD0AAF000984FE7 /* libFTPKit.a */; };
		CD44C3911DD0AB2A00984FE7 /* CFNetwork.framework in Frameworks */ = {isa = PBXBuildFile; fileRef = CD44C3901DD0AB2A00984FE7 /* CFNetwork.framework */; };
		CD44C3931DD0AB2F00984FE7 /* Foundation.framework in Frameworks */ = {isa = PBXBuildFile; fileRef = CD44C3921DD0AB2F00984FE7 /* Foundation.framework */; };
		CD44C3961DD0B63D00984FE7 /* SCRFTPRequest.m in Sources */ = {isa = PBXBuildFile; fileRef = CD44C3951DD0B63D00984FE7 /* SCRFTPRequest.m */; };
		CD44C39C1DD0C92300984FE7 /* RootCoordinator.m in Sources */ = {isa = PBXBuildFile; fileRef = CD44C39B1DD0C92300984FE7 /* RootCoordinator.m */; };
		CD4713DE1D7DC04E00EA4C79 /* MGInstagram.m in Sources */ = {isa = PBXBuildFile; fileRef = CD4713DD1D7DC04E00EA4C79 /* MGInstagram.m */; };
		CD50C1311D82ACB500A86CAB /* FillCaptionViewController.m in Sources */ = {isa = PBXBuildFile; fileRef = CD50C12F1D82ACB500A86CAB /* FillCaptionViewController.m */; };
		CD50C1321D82ACB500A86CAB /* FillCaptionViewController.xib in Resources */ = {isa = PBXBuildFile; fileRef = CD50C1301D82ACB500A86CAB /* FillCaptionViewController.xib */; };
		CD50C1361D82E2A600A86CAB /* StartViewController.m in Sources */ = {isa = PBXBuildFile; fileRef = CD50C1351D82E2A600A86CAB /* StartViewController.m */; };
		CD5CDA761D7EB9E500D27B16 /* NSString+KSExtensions.m in Sources */ = {isa = PBXBuildFile; fileRef = CD5CDA751D7EB9E500D27B16 /* NSString+KSExtensions.m */; };
		CD5CDA7A1D7EDD7700D27B16 /* PHAsset+KSExtensions.m in Sources */ = {isa = PBXBuildFile; fileRef = CD5CDA791D7EDD7700D27B16 /* PHAsset+KSExtensions.m */; };
		CD8A38001D86C468009E3F76 /* SettingsViewController.m in Sources */ = {isa = PBXBuildFile; fileRef = CD8A37FE1D86C468009E3F76 /* SettingsViewController.m */; };
		CD8A38011D86C468009E3F76 /* SettingsViewController.xib in Resources */ = {isa = PBXBuildFile; fileRef = CD8A37FF1D86C468009E3F76 /* SettingsViewController.xib */; };
		CD9D1F361D993986005BC0F6 /* CustomSlider.m in Sources */ = {isa = PBXBuildFile; fileRef = CD9D1F351D993986005BC0F6 /* CustomSlider.m */; };
		CD9D1F3F1D994B2A005BC0F6 /* UIImage+GradientImageExtensions.m in Sources */ = {isa = PBXBuildFile; fileRef = CD9D1F3E1D994B2A005BC0F6 /* UIImage+GradientImageExtensions.m */; };
/* End PBXBuildFile section */

/* Begin PBXContainerItemProxy section */
		CD44C3881DD0AAF000984FE7 /* PBXContainerItemProxy */ = {
			isa = PBXContainerItemProxy;
			containerPortal = CD44C3831DD0AAF000984FE7 /* FTPKit.xcodeproj */;
			proxyType = 2;
			remoteGlobalIDString = F27BA1CE1802FE7E00584A9E;
			remoteInfo = FTPKit;
		};
		CD44C38A1DD0AAF000984FE7 /* PBXContainerItemProxy */ = {
			isa = PBXContainerItemProxy;
			containerPortal = CD44C3831DD0AAF000984FE7 /* FTPKit.xcodeproj */;
			proxyType = 2;
			remoteGlobalIDString = 07F23C4818CA4C43002BDF93;
			remoteInfo = "FTPKit Tests";
		};
		CD44C38C1DD0AB1000984FE7 /* PBXContainerItemProxy */ = {
			isa = PBXContainerItemProxy;
			containerPortal = CD44C3831DD0AAF000984FE7 /* FTPKit.xcodeproj */;
			proxyType = 1;
			remoteGlobalIDString = F27BA1CD1802FE7E00584A9E;
			remoteInfo = FTPKit;
		};
/* End PBXContainerItemProxy section */

/* Begin PBXFileReference section */
		CD33A40D1D799C4E000E25D2 /* testCollage.app */ = {isa = PBXFileReference; explicitFileType = wrapper.application; includeInIndex = 0; path = testCollage.app; sourceTree = BUILT_PRODUCTS_DIR; };
		CD33A4111D799C4E000E25D2 /* main.m */ = {isa = PBXFileReference; lastKnownFileType = sourcecode.c.objc; path = main.m; sourceTree = "<group>"; };
		CD33A4131D799C4E000E25D2 /* AppDelegate.h */ = {isa = PBXFileReference; lastKnownFileType = sourcecode.c.h; path = AppDelegate.h; sourceTree = "<group>"; };
		CD33A4141D799C4E000E25D2 /* AppDelegate.m */ = {isa = PBXFileReference; lastKnownFileType = sourcecode.c.objc; path = AppDelegate.m; sourceTree = "<group>"; };
		CD33A4161D799C4E000E25D2 /* ViewController.h */ = {isa = PBXFileReference; lastKnownFileType = sourcecode.c.h; path = ViewController.h; sourceTree = "<group>"; };
		CD33A4171D799C4E000E25D2 /* ViewController.m */ = {isa = PBXFileReference; lastKnownFileType = sourcecode.c.objc; path = ViewController.m; sourceTree = "<group>"; };
		CD33A41A1D799C4E000E25D2 /* Base */ = {isa = PBXFileReference; lastKnownFileType = file.storyboard; name = Base; path = Base.lproj/Main.storyboard; sourceTree = "<group>"; };
		CD33A41C1D799C4E000E25D2 /* Assets.xcassets */ = {isa = PBXFileReference; lastKnownFileType = folder.assetcatalog; path = Assets.xcassets; sourceTree = "<group>"; };
		CD33A41F1D799C4E000E25D2 /* Base */ = {isa = PBXFileReference; lastKnownFileType = file.storyboard; name = Base; path = Base.lproj/LaunchScreen.storyboard; sourceTree = "<group>"; };
		CD33A4211D799C4E000E25D2 /* Info.plist */ = {isa = PBXFileReference; lastKnownFileType = text.plist.xml; path = Info.plist; sourceTree = "<group>"; };
		CD44C3831DD0AAF000984FE7 /* FTPKit.xcodeproj */ = {isa = PBXFileReference; lastKnownFileType = "wrapper.pb-project"; name = FTPKit.xcodeproj; path = "../../../Downloads/FTPKit-master/FTPKit.xcodeproj"; sourceTree = "<group>"; };
		CD44C3901DD0AB2A00984FE7 /* CFNetwork.framework */ = {isa = PBXFileReference; lastKnownFileType = wrapper.framework; name = CFNetwork.framework; path = System/Library/Frameworks/CFNetwork.framework; sourceTree = SDKROOT; };
		CD44C3921DD0AB2F00984FE7 /* Foundation.framework */ = {isa = PBXFileReference; lastKnownFileType = wrapper.framework; name = Foundation.framework; path = System/Library/Frameworks/Foundation.framework; sourceTree = SDKROOT; };
		CD44C3941DD0B63D00984FE7 /* SCRFTPRequest.h */ = {isa = PBXFileReference; fileEncoding = 4; lastKnownFileType = sourcecode.c.h; name = SCRFTPRequest.h; path = "../../../../Downloads/SCRFTPRequest-master/SCRFTPRequest.h"; sourceTree = "<group>"; };
		CD44C3951DD0B63D00984FE7 /* SCRFTPRequest.m */ = {isa = PBXFileReference; fileEncoding = 4; lastKnownFileType = sourcecode.c.objc; name = SCRFTPRequest.m; path = "../../../../Downloads/SCRFTPRequest-master/SCRFTPRequest.m"; sourceTree = "<group>"; };
		CD44C39A1DD0C92300984FE7 /* RootCoordinator.h */ = {isa = PBXFileReference; fileEncoding = 4; lastKnownFileType = sourcecode.c.h; path = RootCoordinator.h; sourceTree = "<group>"; };
		CD44C39B1DD0C92300984FE7 /* RootCoordinator.m */ = {isa = PBXFileReference; fileEncoding = 4; lastKnownFileType = sourcecode.c.objc; path = RootCoordinator.m; sourceTree = "<group>"; };
		CD4713DC1D7DC04E00EA4C79 /* MGInstagram.h */ = {isa = PBXFileReference; fileEncoding = 4; lastKnownFileType = sourcecode.c.h; path = MGInstagram.h; sourceTree = "<group>"; };
		CD4713DD1D7DC04E00EA4C79 /* MGInstagram.m */ = {isa = PBXFileReference; fileEncoding = 4; lastKnownFileType = sourcecode.c.objc; path = MGInstagram.m; sourceTree = "<group>"; };
		CD50C12E1D82ACB500A86CAB /* FillCaptionViewController.h */ = {isa = PBXFileReference; fileEncoding = 4; lastKnownFileType = sourcecode.c.h; path = FillCaptionViewController.h; sourceTree = "<group>"; };
		CD50C12F1D82ACB500A86CAB /* FillCaptionViewController.m */ = {isa = PBXFileReference; fileEncoding = 4; lastKnownFileType = sourcecode.c.objc; path = FillCaptionViewController.m; sourceTree = "<group>"; };
		CD50C1301D82ACB500A86CAB /* FillCaptionViewController.xib */ = {isa = PBXFileReference; fileEncoding = 4; lastKnownFileType = file.xib; path = FillCaptionViewController.xib; sourceTree = "<group>"; };
		CD50C1341D82E2A600A86CAB /* StartViewController.h */ = {isa = PBXFileReference; fileEncoding = 4; lastKnownFileType = sourcecode.c.h; path = StartViewController.h; sourceTree = "<group>"; };
		CD50C1351D82E2A600A86CAB /* StartViewController.m */ = {isa = PBXFileReference; fileEncoding = 4; lastKnownFileType = sourcecode.c.objc; path = StartViewController.m; sourceTree = "<group>"; };
		CD5CDA741D7EB9E500D27B16 /* NSString+KSExtensions.h */ = {isa = PBXFileReference; fileEncoding = 4; lastKnownFileType = sourcecode.c.h; path = "NSString+KSExtensions.h"; sourceTree = "<group>"; };
		CD5CDA751D7EB9E500D27B16 /* NSString+KSExtensions.m */ = {isa = PBXFileReference; fileEncoding = 4; lastKnownFileType = sourcecode.c.objc; path = "NSString+KSExtensions.m"; sourceTree = "<group>"; };
		CD5CDA781D7EDD7700D27B16 /* PHAsset+KSExtensions.h */ = {isa = PBXFileReference; fileEncoding = 4; lastKnownFileType = sourcecode.c.h; path = "PHAsset+KSExtensions.h"; sourceTree = "<group>"; };
		CD5CDA791D7EDD7700D27B16 /* PHAsset+KSExtensions.m */ = {isa = PBXFileReference; fileEncoding = 4; lastKnownFileType = sourcecode.c.objc; path = "PHAsset+KSExtensions.m"; sourceTree = "<group>"; };
		CD8A37FD1D86C468009E3F76 /* SettingsViewController.h */ = {isa = PBXFileReference; fileEncoding = 4; lastKnownFileType = sourcecode.c.h; path = SettingsViewController.h; sourceTree = "<group>"; };
		CD8A37FE1D86C468009E3F76 /* SettingsViewController.m */ = {isa = PBXFileReference; fileEncoding = 4; lastKnownFileType = sourcecode.c.objc; path = SettingsViewController.m; sourceTree = "<group>"; };
		CD8A37FF1D86C468009E3F76 /* SettingsViewController.xib */ = {isa = PBXFileReference; fileEncoding = 4; lastKnownFileType = file.xib; path = SettingsViewController.xib; sourceTree = "<group>"; };
		CD9D1F341D993986005BC0F6 /* CustomSlider.h */ = {isa = PBXFileReference; fileEncoding = 4; lastKnownFileType = sourcecode.c.h; path = CustomSlider.h; sourceTree = "<group>"; };
		CD9D1F351D993986005BC0F6 /* CustomSlider.m */ = {isa = PBXFileReference; fileEncoding = 4; lastKnownFileType = sourcecode.c.objc; path = CustomSlider.m; sourceTree = "<group>"; };
		CD9D1F3D1D994B2A005BC0F6 /* UIImage+GradientImageExtensions.h */ = {isa = PBXFileReference; fileEncoding = 4; lastKnownFileType = sourcecode.c.h; path = "UIImage+GradientImageExtensions.h"; sourceTree = "<group>"; };
		CD9D1F3E1D994B2A005BC0F6 /* UIImage+GradientImageExtensions.m */ = {isa = PBXFileReference; fileEncoding = 4; lastKnownFileType = sourcecode.c.objc; path = "UIImage+GradientImageExtensions.m"; sourceTree = "<group>"; };
/* End PBXFileReference section */

/* Begin PBXFrameworksBuildPhase section */
		CD33A40A1D799C4E000E25D2 /* Frameworks */ = {
			isa = PBXFrameworksBuildPhase;
			buildActionMask = 2147483647;
			files = (
				CD44C3931DD0AB2F00984FE7 /* Foundation.framework in Frameworks */,
				CD44C3911DD0AB2A00984FE7 /* CFNetwork.framework in Frameworks */,
				CD44C38E1DD0AB2400984FE7 /* libFTPKit.a in Frameworks */,
			);
			runOnlyForDeploymentPostprocessing = 0;
		};
/* End PBXFrameworksBuildPhase section */

/* Begin PBXGroup section */
		CD33A4041D799C4E000E25D2 = {
			isa = PBXGroup;
			children = (
				CD44C3971DD0C8D100984FE7 /* Source */,
				CD44C3831DD0AAF000984FE7 /* FTPKit.xcodeproj */,
				CD33A40F1D799C4E000E25D2 /* testCollage */,
				CD33A40E1D799C4E000E25D2 /* Products */,
				CD44C38F1DD0AB2A00984FE7 /* Frameworks */,
			);
			sourceTree = "<group>";
		};
		CD33A40E1D799C4E000E25D2 /* Products */ = {
			isa = PBXGroup;
			children = (
				CD33A40D1D799C4E000E25D2 /* testCollage.app */,
			);
			name = Products;
			sourceTree = "<group>";
		};
		CD33A40F1D799C4E000E25D2 /* testCollage */ = {
			isa = PBXGroup;
			children = (
				CD4713DC1D7DC04E00EA4C79 /* MGInstagram.h */,
				CD4713DD1D7DC04E00EA4C79 /* MGInstagram.m */,
				CD33A4131D799C4E000E25D2 /* AppDelegate.h */,
				CD33A4141D799C4E000E25D2 /* AppDelegate.m */,
				CD33A4161D799C4E000E25D2 /* ViewController.h */,
				CD33A4171D799C4E000E25D2 /* ViewController.m */,
				CD33A4191D799C4E000E25D2 /* Main.storyboard */,
				CD33A41C1D799C4E000E25D2 /* Assets.xcassets */,
				CD33A41E1D799C4E000E25D2 /* LaunchScreen.storyboard */,
				CD33A4211D799C4E000E25D2 /* Info.plist */,
				CD33A4101D799C4E000E25D2 /* Supporting Files */,
				CD5CDA741D7EB9E500D27B16 /* NSString+KSExtensions.h */,
				CD5CDA751D7EB9E500D27B16 /* NSString+KSExtensions.m */,
				CD8A37FD1D86C468009E3F76 /* SettingsViewController.h */,
				CD8A37FE1D86C468009E3F76 /* SettingsViewController.m */,
				CD8A37FF1D86C468009E3F76 /* SettingsViewController.xib */,
				CD5CDA781D7EDD7700D27B16 /* PHAsset+KSExtensions.h */,
				CD5CDA791D7EDD7700D27B16 /* PHAsset+KSExtensions.m */,
				CD50C12E1D82ACB500A86CAB /* FillCaptionViewController.h */,
				CD50C12F1D82ACB500A86CAB /* FillCaptionViewController.m */,
				CD50C1301D82ACB500A86CAB /* FillCaptionViewController.xib */,
				CD50C1341D82E2A600A86CAB /* StartViewController.h */,
				CD50C1351D82E2A600A86CAB /* StartViewController.m */,
				CD9D1F341D993986005BC0F6 /* CustomSlider.h */,
				CD9D1F351D993986005BC0F6 /* CustomSlider.m */,
				CD9D1F3D1D994B2A005BC0F6 /* UIImage+GradientImageExtensions.h */,
				CD9D1F3E1D994B2A005BC0F6 /* UIImage+GradientImageExtensions.m */,
				CD44C3941DD0B63D00984FE7 /* SCRFTPRequest.h */,
				CD44C3951DD0B63D00984FE7 /* SCRFTPRequest.m */,
			);
			path = testCollage;
			sourceTree = "<group>";
		};
		CD33A4101D799C4E000E25D2 /* Supporting Files */ = {
			isa = PBXGroup;
			children = (
				CD33A4111D799C4E000E25D2 /* main.m */,
			);
			name = "Supporting Files";
			sourceTree = "<group>";
		};
		CD44C3841DD0AAF000984FE7 /* Products */ = {
			isa = PBXGroup;
			children = (
				CD44C3891DD0AAF000984FE7 /* libFTPKit.a */,
				CD44C38B1DD0AAF000984FE7 /* FTPKit Tests.xctest */,
			);
			name = Products;
			sourceTree = "<group>";
		};
		CD44C38F1DD0AB2A00984FE7 /* Frameworks */ = {
			isa = PBXGroup;
			children = (
				CD44C3921DD0AB2F00984FE7 /* Foundation.framework */,
				CD44C3901DD0AB2A00984FE7 /* CFNetwork.framework */,
			);
			name = Frameworks;
			sourceTree = "<group>";
		};
		CD44C3971DD0C8D100984FE7 /* Source */ = {
			isa = PBXGroup;
			children = (
				CD44C3981DD0C8D100984FE7 /* Coordinators */,
			);
			path = Source;
			sourceTree = "<group>";
		};
		CD44C3981DD0C8D100984FE7 /* Coordinators */ = {
			isa = PBXGroup;
			children = (
				CD44C3991DD0C8F400984FE7 /* RootCoordinator */,
			);
			path = Coordinators;
			sourceTree = "<group>";
		};
		CD44C3991DD0C8F400984FE7 /* RootCoordinator */ = {
			isa = PBXGroup;
			children = (
				CD44C39A1DD0C92300984FE7 /* RootCoordinator.h */,
				CD44C39B1DD0C92300984FE7 /* RootCoordinator.m */,
			);
			path = RootCoordinator;
			sourceTree = "<group>";
		};
/* End PBXGroup section */

/* Begin PBXNativeTarget section */
		CD33A40C1D799C4E000E25D2 /* testCollage */ = {
			isa = PBXNativeTarget;
			buildConfigurationList = CD33A4241D799C4E000E25D2 /* Build configuration list for PBXNativeTarget "testCollage" */;
			buildPhases = (
				CD33A4091D799C4E000E25D2 /* Sources */,
				CD33A40A1D799C4E000E25D2 /* Frameworks */,
				CD33A40B1D799C4E000E25D2 /* Resources */,
			);
			buildRules = (
			);
			dependencies = (
				CD44C38D1DD0AB1000984FE7 /* PBXTargetDependency */,
			);
			name = testCollage;
			productName = testCollage;
			productReference = CD33A40D1D799C4E000E25D2 /* testCollage.app */;
			productType = "com.apple.product-type.application";
		};
/* End PBXNativeTarget section */

/* Begin PBXProject section */
		CD33A4051D799C4E000E25D2 /* Project object */ = {
			isa = PBXProject;
			attributes = {
				LastUpgradeCheck = 0730;
				ORGANIZATIONNAME = "Serhii Kostiuk";
				TargetAttributes = {
					CD33A40C1D799C4E000E25D2 = {
						CreatedOnToolsVersion = 7.3.1;
						DevelopmentTeam = K33J7AD8C7;
					};
				};
			};
			buildConfigurationList = CD33A4081D799C4E000E25D2 /* Build configuration list for PBXProject "testCollage" */;
			compatibilityVersion = "Xcode 3.2";
			developmentRegion = English;
			hasScannedForEncodings = 0;
			knownRegions = (
				en,
				Base,
			);
			mainGroup = CD33A4041D799C4E000E25D2;
			productRefGroup = CD33A40E1D799C4E000E25D2 /* Products */;
			projectDirPath = "";
			projectReferences = (
				{
					ProductGroup = CD44C3841DD0AAF000984FE7 /* Products */;
					ProjectRef = CD44C3831DD0AAF000984FE7 /* FTPKit.xcodeproj */;
				},
			);
			projectRoot = "";
			targets = (
				CD33A40C1D799C4E000E25D2 /* testCollage */,
			);
		};
/* End PBXProject section */

/* Begin PBXReferenceProxy section */
		CD44C3891DD0AAF000984FE7 /* libFTPKit.a */ = {
			isa = PBXReferenceProxy;
			fileType = archive.ar;
			path = libFTPKit.a;
			remoteRef = CD44C3881DD0AAF000984FE7 /* PBXContainerItemProxy */;
			sourceTree = BUILT_PRODUCTS_DIR;
		};
		CD44C38B1DD0AAF000984FE7 /* FTPKit Tests.xctest */ = {
			isa = PBXReferenceProxy;
			fileType = wrapper.cfbundle;
			path = "FTPKit Tests.xctest";
			remoteRef = CD44C38A1DD0AAF000984FE7 /* PBXContainerItemProxy */;
			sourceTree = BUILT_PRODUCTS_DIR;
		};
/* End PBXReferenceProxy section */

/* Begin PBXResourcesBuildPhase section */
		CD33A40B1D799C4E000E25D2 /* Resources */ = {
			isa = PBXResourcesBuildPhase;
			buildActionMask = 2147483647;
			files = (
				CD33A4201D799C4E000E25D2 /* LaunchScreen.storyboard in Resources */,
				CD33A41D1D799C4E000E25D2 /* Assets.xcassets in Resources */,
				CD50C1321D82ACB500A86CAB /* FillCaptionViewController.xib in Resources */,
				CD33A41B1D799C4E000E25D2 /* Main.storyboard in Resources */,
				CD8A38011D86C468009E3F76 /* SettingsViewController.xib in Resources */,
			);
			runOnlyForDeploymentPostprocessing = 0;
		};
/* End PBXResourcesBuildPhase section */

/* Begin PBXSourcesBuildPhase section */
		CD33A4091D799C4E000E25D2 /* Sources */ = {
			isa = PBXSourcesBuildPhase;
			buildActionMask = 2147483647;
			files = (
				CD5CDA7A1D7EDD7700D27B16 /* PHAsset+KSExtensions.m in Sources */,
				CD50C1311D82ACB500A86CAB /* FillCaptionViewController.m in Sources */,
				CD33A4181D799C4E000E25D2 /* ViewController.m in Sources */,
				CD8A38001D86C468009E3F76 /* SettingsViewController.m in Sources */,
				CD5CDA761D7EB9E500D27B16 /* NSString+KSExtensions.m in Sources */,
				CD33A4151D799C4E000E25D2 /* AppDelegate.m in Sources */,
				CD9D1F361D993986005BC0F6 /* CustomSlider.m in Sources */,
				CD50C1361D82E2A600A86CAB /* StartViewController.m in Sources */,
				CD4713DE1D7DC04E00EA4C79 /* MGInstagram.m in Sources */,
				CD44C3961DD0B63D00984FE7 /* SCRFTPRequest.m in Sources */,
				CD9D1F3F1D994B2A005BC0F6 /* UIImage+GradientImageExtensions.m in Sources */,
				CD44C39C1DD0C92300984FE7 /* RootCoordinator.m in Sources */,
				CD33A4121D799C4E000E25D2 /* main.m in Sources */,
			);
			runOnlyForDeploymentPostprocessing = 0;
		};
/* End PBXSourcesBuildPhase section */

/* Begin PBXTargetDependency section */
		CD44C38D1DD0AB1000984FE7 /* PBXTargetDependency */ = {
			isa = PBXTargetDependency;
			name = FTPKit;
			targetProxy = CD44C38C1DD0AB1000984FE7 /* PBXContainerItemProxy */;
		};
/* End PBXTargetDependency section */

/* Begin PBXVariantGroup section */
		CD33A4191D799C4E000E25D2 /* Main.storyboard */ = {
			isa = PBXVariantGroup;
			children = (
				CD33A41A1D799C4E000E25D2 /* Base */,
			);
			name = Main.storyboard;
			sourceTree = "<group>";
		};
		CD33A41E1D799C4E000E25D2 /* LaunchScreen.storyboard */ = {
			isa = PBXVariantGroup;
			children = (
				CD33A41F1D799C4E000E25D2 /* Base */,
			);
			name = LaunchScreen.storyboard;
			sourceTree = "<group>";
		};
/* End PBXVariantGroup section */

/* Begin XCBuildConfiguration section */
		CD33A4221D799C4E000E25D2 /* Debug */ = {
			isa = XCBuildConfiguration;
			buildSettings = {
				ALWAYS_SEARCH_USER_PATHS = NO;
				CLANG_ANALYZER_NONNULL = YES;
				CLANG_CXX_LANGUAGE_STANDARD = "gnu++0x";
				CLANG_CXX_LIBRARY = "libc++";
				CLANG_ENABLE_MODULES = YES;
				CLANG_ENABLE_OBJC_ARC = YES;
				CLANG_WARN_BOOL_CONVERSION = YES;
				CLANG_WARN_CONSTANT_CONVERSION = YES;
				CLANG_WARN_DIRECT_OBJC_ISA_USAGE = YES_ERROR;
				CLANG_WARN_EMPTY_BODY = YES;
				CLANG_WARN_ENUM_CONVERSION = YES;
				CLANG_WARN_INT_CONVERSION = YES;
				CLANG_WARN_OBJC_ROOT_CLASS = YES_ERROR;
				CLANG_WARN_UNREACHABLE_CODE = YES;
				CLANG_WARN__DUPLICATE_METHOD_MATCH = YES;
				"CODE_SIGN_IDENTITY[sdk=iphoneos*]" = "iPhone Developer";
				COPY_PHASE_STRIP = NO;
				DEBUG_INFORMATION_FORMAT = dwarf;
				ENABLE_STRICT_OBJC_MSGSEND = YES;
				ENABLE_TESTABILITY = YES;
				GCC_C_LANGUAGE_STANDARD = gnu99;
				GCC_DYNAMIC_NO_PIC = NO;
				GCC_NO_COMMON_BLOCKS = YES;
				GCC_OPTIMIZATION_LEVEL = 0;
				GCC_PREPROCESSOR_DEFINITIONS = (
					"DEBUG=1",
					"$(inherited)",
				);
				GCC_WARN_64_TO_32_BIT_CONVERSION = YES;
				GCC_WARN_ABOUT_RETURN_TYPE = YES_ERROR;
				GCC_WARN_UNDECLARED_SELECTOR = YES;
				GCC_WARN_UNINITIALIZED_AUTOS = YES_AGGRESSIVE;
				GCC_WARN_UNUSED_FUNCTION = YES;
				GCC_WARN_UNUSED_VARIABLE = YES;
				IPHONEOS_DEPLOYMENT_TARGET = 9.3;
				MTL_ENABLE_DEBUG_INFO = YES;
				ONLY_ACTIVE_ARCH = YES;
				SDKROOT = iphoneos;
				TARGETED_DEVICE_FAMILY = "1,2";
			};
			name = Debug;
		};
		CD33A4231D799C4E000E25D2 /* Release */ = {
			isa = XCBuildConfiguration;
			buildSettings = {
				ALWAYS_SEARCH_USER_PATHS = NO;
				CLANG_ANALYZER_NONNULL = YES;
				CLANG_CXX_LANGUAGE_STANDARD = "gnu++0x";
				CLANG_CXX_LIBRARY = "libc++";
				CLANG_ENABLE_MODULES = YES;
				CLANG_ENABLE_OBJC_ARC = YES;
				CLANG_WARN_BOOL_CONVERSION = YES;
				CLANG_WARN_CONSTANT_CONVERSION = YES;
				CLANG_WARN_DIRECT_OBJC_ISA_USAGE = YES_ERROR;
				CLANG_WARN_EMPTY_BODY = YES;
				CLANG_WARN_ENUM_CONVERSION = YES;
				CLANG_WARN_INT_CONVERSION = YES;
				CLANG_WARN_OBJC_ROOT_CLASS = YES_ERROR;
				CLANG_WARN_UNREACHABLE_CODE = YES;
				CLANG_WARN__DUPLICATE_METHOD_MATCH = YES;
				"CODE_SIGN_IDENTITY[sdk=iphoneos*]" = "iPhone Developer";
				COPY_PHASE_STRIP = NO;
				DEBUG_INFORMATION_FORMAT = "dwarf-with-dsym";
				ENABLE_NS_ASSERTIONS = NO;
				ENABLE_STRICT_OBJC_MSGSEND = YES;
				GCC_C_LANGUAGE_STANDARD = gnu99;
				GCC_NO_COMMON_BLOCKS = YES;
				GCC_WARN_64_TO_32_BIT_CONVERSION = YES;
				GCC_WARN_ABOUT_RETURN_TYPE = YES_ERROR;
				GCC_WARN_UNDECLARED_SELECTOR = YES;
				GCC_WARN_UNINITIALIZED_AUTOS = YES_AGGRESSIVE;
				GCC_WARN_UNUSED_FUNCTION = YES;
				GCC_WARN_UNUSED_VARIABLE = YES;
				IPHONEOS_DEPLOYMENT_TARGET = 9.3;
				MTL_ENABLE_DEBUG_INFO = NO;
				SDKROOT = iphoneos;
				TARGETED_DEVICE_FAMILY = "1,2";
				VALIDATE_PRODUCT = YES;
			};
			name = Release;
		};
		CD33A4251D799C4E000E25D2 /* Debug */ = {
			isa = XCBuildConfiguration;
			buildSettings = {
				ASSETCATALOG_COMPILER_APPICON_NAME = AppIcon;
				DEVELOPMENT_TEAM = K33J7AD8C7;
				INFOPLIST_FILE = testCollage/Info.plist;
				IPHONEOS_DEPLOYMENT_TARGET = 8.3;
				LD_RUNPATH_SEARCH_PATHS = "$(inherited) @executable_path/Frameworks";
				PRODUCT_BUNDLE_IDENTIFIER = com.tests.testCollage;
				PRODUCT_NAME = "$(TARGET_NAME)";
			};
			name = Debug;
		};
		CD33A4261D799C4E000E25D2 /* Release */ = {
			isa = XCBuildConfiguration;
			buildSettings = {
				ASSETCATALOG_COMPILER_APPICON_NAME = AppIcon;
				DEVELOPMENT_TEAM = K33J7AD8C7;
				INFOPLIST_FILE = testCollage/Info.plist;
				IPHONEOS_DEPLOYMENT_TARGET = 8.3;
				LD_RUNPATH_SEARCH_PATHS = "$(inherited) @executable_path/Frameworks";
				PRODUCT_BUNDLE_IDENTIFIER = com.tests.testCollage;
				PRODUCT_NAME = "$(TARGET_NAME)";
			};
			name = Release;
		};
/* End XCBuildConfiguration section */

/* Begin XCConfigurationList section */
		CD33A4081D799C4E000E25D2 /* Build configuration list for PBXProject "testCollage" */ = {
			isa = XCConfigurationList;
			buildConfigurations = (
				CD33A4221D799C4E000E25D2 /* Debug */,
				CD33A4231D799C4E000E25D2 /* Release */,
			);
			defaultConfigurationIsVisible = 0;
			defaultConfigurationName = Release;
		};
		CD33A4241D799C4E000E25D2 /* Build configuration list for PBXNativeTarget "testCollage" */ = {
			isa = XCConfigurationList;
			buildConfigurations = (
				CD33A4251D799C4E000E25D2 /* Debug */,
				CD33A4261D799C4E000E25D2 /* Release */,
			);
			defaultConfigurationIsVisible = 0;
			defaultConfigurationName = Release;
		};
/* End XCConfigurationList section */
	};
	rootObject = CD33A4051D799C4E000E25D2 /* Project object */;
}
